
Microsoft Visual Studio Solution File, Format Version 12.00
# Visual Studio Version 17
VisualStudioVersion = 17.8.34511.84
MinimumVisualStudioVersion = 10.0.40219.1
Project("{FAE04EC0-301F-11D3-BF4B-00C04F79EFBC}") = "paint-0.5", "paint-0.5\paint-0.5.csproj", "{30D7A60F-7DE8-47DC-A967-75FFCB1D7299}"
EndProject
Global
	GlobalSection(SolutionConfigurationPlatforms) = preSolution
		Debug|Any CPU = Debug|Any CPU
		Release|Any CPU = Release|Any CPU
	EndGlobalSection
	GlobalSection(ProjectConfigurationPlatforms) = postSolution
		{30D7A60F-7DE8-47DC-A967-75FFCB1D7299}.Debug|Any CPU.ActiveCfg = Debug|Any CPU
		{30D7A60F-7DE8-47DC-A967-75FFCB1D7299}.Debug|Any CPU.Build.0 = Debug|Any CPU
		{30D7A60F-7DE8-47DC-A967-75FFCB1D7299}.Release|Any CPU.ActiveCfg = Release|Any CPU
		{30D7A60F-7DE8-47DC-A967-75FFCB1D7299}.Release|Any CPU.Build.0 = Release|Any CPU
	EndGlobalSection
	GlobalSection(SolutionProperties) = preSolution
		HideSolutionNode = FALSE
	EndGlobalSection
	GlobalSection(ExtensibilityGlobals) = postSolution
		SolutionGuid = {B0AE411E-62A2-4EA7-8139-5472BA57D662}
	EndGlobalSection
EndGlobal
